
Microsoft Visual Studio Solution File, Format Version 12.00
# Visual Studio 15
Project("{FAE04EC0-301F-11D3-BF4B-00C04F79EFBC}") = "UnityEngine.TestRunner", "UnityEngine.TestRunner.csproj", "{E6FE81A2-1031-F3ED-89E0-3E711C5F645C}"
EndProject
Project("{FAE04EC0-301F-11D3-BF4B-00C04F79EFBC}") = "Unity.Mathematics", "Unity.Mathematics.csproj", "{B5DCBB41-0082-FB83-0F3A-B50951B8BE2C}"
EndProject
Project("{FAE04EC0-301F-11D3-BF4B-00C04F79EFBC}") = "Unity.2D.Animation.Triangle.Runtime", "Unity.2D.Animation.Triangle.Runtime.csproj", "{51E02464-1E97-0B7A-B857-AC32889A2A90}"
EndProject
Project("{FAE04EC0-301F-11D3-BF4B-00C04F79EFBC}") = "Unity.Timeline", "Unity.Timeline.csproj", "{23CD57FC-CB15-CD63-BC99-3B2D51EE37FE}"
EndProject
Project("{FAE04EC0-301F-11D3-BF4B-00C04F79EFBC}") = "UnityEngine.UI", "UnityEngine.UI.csproj", "{F870ED47-313D-28BD-4B9B-F585BF2B691B}"
EndProject
Project("{FAE04EC0-301F-11D3-BF4B-00C04F79EFBC}") = "Cinemachine", "Cinemachine.csproj", "{9EA2B863-CFAD-38FE-6BB7-21F881DEA84C}"
EndProject
Project("{FAE04EC0-301F-11D3-BF4B-00C04F79EFBC}") = "Unity.TextMeshPro", "Unity.TextMeshPro.csproj", "{4133BAF1-634F-2E13-D10B-0CCB9EAB5B37}"
EndProject
Project("{FAE04EC0-301F-11D3-BF4B-00C04F79EFBC}") = "Unity.2D.Animation.Runtime", "Unity.2D.Animation.Runtime.csproj", "{9FF6D22E-9629-29FA-1598-0A8523602F37}"
EndProject
Project("{FAE04EC0-301F-11D3-BF4B-00C04F79EFBC}") = "Unity.2D.IK.Runtime", "Unity.2D.IK.Runtime.csproj", "{407533A4-1816-3D10-B29C-C1B8227D8A2D}"
EndProject
Project("{FAE04EC0-301F-11D3-BF4B-00C04F79EFBC}") = "Assembly-CSharp", "Assembly-CSharp.csproj", "{44060C53-C258-EF51-926A-21BC9FC2E77E}"
EndProject
Project("{FAE04EC0-301F-11D3-BF4B-00C04F79EFBC}") = "Unity.2D.SpriteShape.Runtime", "Unity.2D.SpriteShape.Runtime.csproj", "{DF78D7E5-52D9-9AB1-3925-B3626E34A460}"
EndProject
Project("{FAE04EC0-301F-11D3-BF4B-00C04F79EFBC}") = "Unity.2D.PixelPerfect", "Unity.2D.PixelPerfect.csproj", "{15DDC72E-ACCD-A7AA-54EC-0D066A8D5D92}"
EndProject
Project("{FAE04EC0-301F-11D3-BF4B-00C04F79EFBC}") = "Unity.2D.Common.Runtime", "Unity.2D.Common.Runtime.csproj", "{4BC5FBC1-E05E-F59E-B4AC-80F2B8242960}"
EndProject
Project("{FAE04EC0-301F-11D3-BF4B-00C04F79EFBC}") = "Unity.InternalAPIEngineBridge.001", "Unity.InternalAPIEngineBridge.001.csproj", "{AC058E0A-673E-AE29-447D-4396723B2AD1}"
EndProject
Project("{FAE04EC0-301F-11D3-BF4B-00C04F79EFBC}") = "UnityEditor.TestRunner", "UnityEditor.TestRunner.csproj", "{F450F0E2-556B-4AB0-AFCF-87667350425D}"
EndProject
Project("{FAE04EC0-301F-11D3-BF4B-00C04F79EFBC}") = "Unity.PlasticSCM.Editor", "Unity.PlasticSCM.Editor.csproj", "{D1FB8ADB-149C-15E6-F86B-88BBFD11B9CE}"
EndProject
Project("{FAE04EC0-301F-11D3-BF4B-00C04F79EFBC}") = "UnityEditor.UI", "UnityEditor.UI.csproj", "{04AAE928-D2E0-7E2E-7A83-51C1DEACEB52}"
EndProject
Project("{FAE04EC0-301F-11D3-BF4B-00C04F79EFBC}") = "Unity.Services.Core.Editor", "Unity.Services.Core.Editor.csproj", "{1EAE40F0-1BAF-ACA9-0ACA-67DBF9E5307F}"
EndProject
Project("{FAE04EC0-301F-11D3-BF4B-00C04F79EFBC}") = "Unity.Timeline.Editor", "Unity.Timeline.Editor.csproj", "{7522101C-BD65-63DC-FD34-7DC22A4B65E9}"
EndProject
Project("{FAE04EC0-301F-11D3-BF4B-00C04F79EFBC}") = "Unity.VisualStudio.Editor", "Unity.VisualStudio.Editor.csproj", "{74BBF659-83C4-3C94-93B7-9063EC8E4BAF}"
EndProject
Project("{FAE04EC0-301F-11D3-BF4B-00C04F79EFBC}") = "com.unity.cinemachine.editor", "com.unity.cinemachine.editor.csproj", "{1469C7A5-973F-074F-B029-73B188A040F8}"
EndProject
Project("{FAE04EC0-301F-11D3-BF4B-00C04F79EFBC}") = "Unity.2D.Psdimporter.Editor", "Unity.2D.Psdimporter.Editor.csproj", "{66D59373-30D6-85A3-F003-5C8E868F433C}"
EndProject
Project("{FAE04EC0-301F-11D3-BF4B-00C04F79EFBC}") = "Unity.2D.Animation.Editor", "Unity.2D.Animation.Editor.csproj", "{AE335AA6-5BA2-8C23-C3A7-040C53A3F5FF}"
EndProject
Project("{FAE04EC0-301F-11D3-BF4B-00C04F79EFBC}") = "Unity.TextMeshPro.Editor", "Unity.TextMeshPro.Editor.csproj", "{DC434C64-140D-D503-908F-DCD920DAFB96}"
EndProject
Project("{FAE04EC0-301F-11D3-BF4B-00C04F79EFBC}") = "Unity.2D.SpriteShape.Editor", "Unity.2D.SpriteShape.Editor.csproj", "{6D0A8005-7547-7CE4-1DBC-2BAC46C80410}"
EndProject
Project("{FAE04EC0-301F-11D3-BF4B-00C04F79EFBC}") = "Unity.CollabProxy.Editor", "Unity.CollabProxy.Editor.csproj", "{316E096A-E94E-2A9E-AD33-35DDC242B7D4}"
EndProject
Project("{FAE04EC0-301F-11D3-BF4B-00C04F79EFBC}") = "PsdPlugin", "PsdPlugin.csproj", "{5F249109-3E00-180D-795F-F457EE5898BB}"
EndProject
Project("{FAE04EC0-301F-11D3-BF4B-00C04F79EFBC}") = "Unity.2D.Path.Editor", "Unity.2D.Path.Editor.csproj", "{F2466302-5DDE-863F-DA3A-53125610FE61}"
EndProject
Project("{FAE04EC0-301F-11D3-BF4B-00C04F79EFBC}") = "Unity.Rider.Editor", "Unity.Rider.Editor.csproj", "{3F98F4FF-5F01-89C6-C656-38562C77D0CC}"
EndProject
Project("{FAE04EC0-301F-11D3-BF4B-00C04F79EFBC}") = "Unity.2D.IK.Editor", "Unity.2D.IK.Editor.csproj", "{6191272E-6265-2764-D2E9-681A3C04D722}"
EndProject
Project("{FAE04EC0-301F-11D3-BF4B-00C04F79EFBC}") = "Unity.2D.Sprite.Editor", "Unity.2D.Sprite.Editor.csproj", "{3EEEC957-F421-968B-78CF-18D968237211}"
EndProject
Project("{FAE04EC0-301F-11D3-BF4B-00C04F79EFBC}") = "Unity.2D.Tilemap.Editor", "Unity.2D.Tilemap.Editor.csproj", "{8728A57D-2ABD-E627-11D9-2F91CC3E9062}"
EndProject
Project("{FAE04EC0-301F-11D3-BF4B-00C04F79EFBC}") = "Unity.2D.PixelPerfect.Editor", "Unity.2D.PixelPerfect.Editor.csproj", "{A1E01184-B936-6FCF-F253-3E62790B602B}"
EndProject
Project("{FAE04EC0-301F-11D3-BF4B-00C04F79EFBC}") = "Unity.VSCode.Editor", "Unity.VSCode.Editor.csproj", "{83D3EEA9-3DAF-382B-6847-9BA56A5560B8}"
EndProject
Project("{FAE04EC0-301F-11D3-BF4B-00C04F79EFBC}") = "Unity.2D.Common.Editor", "Unity.2D.Common.Editor.csproj", "{CE9A0CBA-CEB7-718E-CE41-ABC2266DF55D}"
EndProject
Project("{FAE04EC0-301F-11D3-BF4B-00C04F79EFBC}") = "Unity.Mathematics.Editor", "Unity.Mathematics.Editor.csproj", "{C0422A2D-892E-A57E-8888-BE97C41919A1}"
EndProject
Project("{FAE04EC0-301F-11D3-BF4B-00C04F79EFBC}") = "Unity.InternalAPIEditorBridge.001", "Unity.InternalAPIEditorBridge.001.csproj", "{299E6D2C-FE29-FE76-4578-881B98EAA323}"
EndProject
Project("{FAE04EC0-301F-11D3-BF4B-00C04F79EFBC}") = "UnityEngine.TestRunner", "UnityEngine.TestRunner.Player.csproj", "{02C86163-3F8E-F221-5A1E-473F111930A2}"
EndProject
Project("{FAE04EC0-301F-11D3-BF4B-00C04F79EFBC}") = "Unity.Mathematics", "Unity.Mathematics.Player.csproj", "{2A17C60E-E8C2-6796-BFDF-8ACB4D7A4070}"
EndProject
Project("{FAE04EC0-301F-11D3-BF4B-00C04F79EFBC}") = "Unity.2D.Animation.Triangle.Runtime", "Unity.2D.Animation.Triangle.Runtime.Player.csproj", "{C8B93549-D69C-5499-1458-C6A460F187A1}"
EndProject
Project("{FAE04EC0-301F-11D3-BF4B-00C04F79EFBC}") = "Unity.Timeline", "Unity.Timeline.Player.csproj", "{C303CA3B-54B2-EA08-7DBA-6C654367BAE6}"
EndProject
Project("{FAE04EC0-301F-11D3-BF4B-00C04F79EFBC}") = "UnityEngine.UI", "UnityEngine.UI.Player.csproj", "{F1A1E697-3094-0AA1-A322-25F03E93C5B2}"
EndProject
Project("{FAE04EC0-301F-11D3-BF4B-00C04F79EFBC}") = "Cinemachine", "Cinemachine.Player.csproj", "{53AFA5F6-7CD9-1A50-AEE5-153B73084CE9}"
EndProject
Project("{FAE04EC0-301F-11D3-BF4B-00C04F79EFBC}") = "Unity.TextMeshPro", "Unity.TextMeshPro.Player.csproj", "{3FCBF6C2-37C1-66AE-917F-B52AA55A178C}"
EndProject
Project("{FAE04EC0-301F-11D3-BF4B-00C04F79EFBC}") = "Unity.2D.Animation.Runtime", "Unity.2D.Animation.Runtime.Player.csproj", "{724ACB19-100F-61F4-99F8-A18FC5084CC8}"
EndProject
Project("{FAE04EC0-301F-11D3-BF4B-00C04F79EFBC}") = "Unity.2D.IK.Runtime", "Unity.2D.IK.Runtime.Player.csproj", "{F15CDEF2-8DFB-B1DA-B508-24A22E4B99C1}"
EndProject
Project("{FAE04EC0-301F-11D3-BF4B-00C04F79EFBC}") = "Assembly-CSharp", "Assembly-CSharp.Player.csproj", "{88128FF9-F93B-9289-5E10-BD1CDCF91E11}"
EndProject
Project("{FAE04EC0-301F-11D3-BF4B-00C04F79EFBC}") = "Unity.2D.SpriteShape.Runtime", "Unity.2D.SpriteShape.Runtime.Player.csproj", "{02BE9232-7290-95ED-6D3E-D136DA2E7B9A}"
EndProject
Project("{FAE04EC0-301F-11D3-BF4B-00C04F79EFBC}") = "Unity.2D.PixelPerfect", "Unity.2D.PixelPerfect.Player.csproj", "{3C5E249E-109A-8AAF-B387-9E1D7DD8FCFE}"
EndProject
Project("{FAE04EC0-301F-11D3-BF4B-00C04F79EFBC}") = "Unity.2D.Common.Runtime", "Unity.2D.Common.Runtime.Player.csproj", "{AAEB01AD-0E53-E146-83DA-BC46E356BC2D}"
EndProject
Project("{FAE04EC0-301F-11D3-BF4B-00C04F79EFBC}") = "Unity.InternalAPIEngineBridge.001", "Unity.InternalAPIEngineBridge.001.Player.csproj", "{C0B5AAEE-C2A3-01BA-1F08-94FDD5140199}"
EndProject
Global
	GlobalSection(SolutionConfigurationPlatforms) = preSolution
		Debug|Any CPU = Debug|Any CPU
		Release|Any CPU = Release|Any CPU
	EndGlobalSection
	GlobalSection(ProjectConfigurationPlatforms) = postSolution
		{E6FE81A2-1031-F3ED-89E0-3E711C5F645C}.Debug|Any CPU.ActiveCfg = Debug|Any CPU
		{E6FE81A2-1031-F3ED-89E0-3E711C5F645C}.Debug|Any CPU.Build.0 = Debug|Any CPU
		{E6FE81A2-1031-F3ED-89E0-3E711C5F645C}.Release|Any CPU.ActiveCfg = Release|Any CPU
		{E6FE81A2-1031-F3ED-89E0-3E711C5F645C}.Release|Any CPU.Build.0 = Release|Any CPU
		{B5DCBB41-0082-FB83-0F3A-B50951B8BE2C}.Debug|Any CPU.ActiveCfg = Debug|Any CPU
		{B5DCBB41-0082-FB83-0F3A-B50951B8BE2C}.Debug|Any CPU.Build.0 = Debug|Any CPU
		{B5DCBB41-0082-FB83-0F3A-B50951B8BE2C}.Release|Any CPU.ActiveCfg = Release|Any CPU
		{B5DCBB41-0082-FB83-0F3A-B50951B8BE2C}.Release|Any CPU.Build.0 = Release|Any CPU
		{51E02464-1E97-0B7A-B857-AC32889A2A90}.Debug|Any CPU.ActiveCfg = Debug|Any CPU
		{51E02464-1E97-0B7A-B857-AC32889A2A90}.Debug|Any CPU.Build.0 = Debug|Any CPU
		{51E02464-1E97-0B7A-B857-AC32889A2A90}.Release|Any CPU.ActiveCfg = Release|Any CPU
		{51E02464-1E97-0B7A-B857-AC32889A2A90}.Release|Any CPU.Build.0 = Release|Any CPU
		{23CD57FC-CB15-CD63-BC99-3B2D51EE37FE}.Debug|Any CPU.ActiveCfg = Debug|Any CPU
		{23CD57FC-CB15-CD63-BC99-3B2D51EE37FE}.Debug|Any CPU.Build.0 = Debug|Any CPU
		{23CD57FC-CB15-CD63-BC99-3B2D51EE37FE}.Release|Any CPU.ActiveCfg = Release|Any CPU
		{23CD57FC-CB15-CD63-BC99-3B2D51EE37FE}.Release|Any CPU.Build.0 = Release|Any CPU
		{F870ED47-313D-28BD-4B9B-F585BF2B691B}.Debug|Any CPU.ActiveCfg = Debug|Any CPU
		{F870ED47-313D-28BD-4B9B-F585BF2B691B}.Debug|Any CPU.Build.0 = Debug|Any CPU
		{F870ED47-313D-28BD-4B9B-F585BF2B691B}.Release|Any CPU.ActiveCfg = Release|Any CPU
		{F870ED47-313D-28BD-4B9B-F585BF2B691B}.Release|Any CPU.Build.0 = Release|Any CPU
		{9EA2B863-CFAD-38FE-6BB7-21F881DEA84C}.Debug|Any CPU.ActiveCfg = Debug|Any CPU
		{9EA2B863-CFAD-38FE-6BB7-21F881DEA84C}.Debug|Any CPU.Build.0 = Debug|Any CPU
		{9EA2B863-CFAD-38FE-6BB7-21F881DEA84C}.Release|Any CPU.ActiveCfg = Release|Any CPU
		{9EA2B863-CFAD-38FE-6BB7-21F881DEA84C}.Release|Any CPU.Build.0 = Release|Any CPU
		{4133BAF1-634F-2E13-D10B-0CCB9EAB5B37}.Debug|Any CPU.ActiveCfg = Debug|Any CPU
		{4133BAF1-634F-2E13-D10B-0CCB9EAB5B37}.Debug|Any CPU.Build.0 = Debug|Any CPU
		{4133BAF1-634F-2E13-D10B-0CCB9EAB5B37}.Release|Any CPU.ActiveCfg = Release|Any CPU
		{4133BAF1-634F-2E13-D10B-0CCB9EAB5B37}.Release|Any CPU.Build.0 = Release|Any CPU
		{9FF6D22E-9629-29FA-1598-0A8523602F37}.Debug|Any CPU.ActiveCfg = Debug|Any CPU
		{9FF6D22E-9629-29FA-1598-0A8523602F37}.Debug|Any CPU.Build.0 = Debug|Any CPU
		{9FF6D22E-9629-29FA-1598-0A8523602F37}.Release|Any CPU.ActiveCfg = Release|Any CPU
		{9FF6D22E-9629-29FA-1598-0A8523602F37}.Release|Any CPU.Build.0 = Release|Any CPU
		{407533A4-1816-3D10-B29C-C1B8227D8A2D}.Debug|Any CPU.ActiveCfg = Debug|Any CPU
		{407533A4-1816-3D10-B29C-C1B8227D8A2D}.Debug|Any CPU.Build.0 = Debug|Any CPU
		{407533A4-1816-3D10-B29C-C1B8227D8A2D}.Release|Any CPU.ActiveCfg = Release|Any CPU
		{407533A4-1816-3D10-B29C-C1B8227D8A2D}.Release|Any CPU.Build.0 = Release|Any CPU
		{44060C53-C258-EF51-926A-21BC9FC2E77E}.Debug|Any CPU.ActiveCfg = Debug|Any CPU
		{44060C53-C258-EF51-926A-21BC9FC2E77E}.Debug|Any CPU.Build.0 = Debug|Any CPU
		{44060C53-C258-EF51-926A-21BC9FC2E77E}.Release|Any CPU.ActiveCfg = Release|Any CPU
		{44060C53-C258-EF51-926A-21BC9FC2E77E}.Release|Any CPU.Build.0 = Release|Any CPU
		{DF78D7E5-52D9-9AB1-3925-B3626E34A460}.Debug|Any CPU.ActiveCfg = Debug|Any CPU
		{DF78D7E5-52D9-9AB1-3925-B3626E34A460}.Debug|Any CPU.Build.0 = Debug|Any CPU
		{DF78D7E5-52D9-9AB1-3925-B3626E34A460}.Release|Any CPU.ActiveCfg = Release|Any CPU
		{DF78D7E5-52D9-9AB1-3925-B3626E34A460}.Release|Any CPU.Build.0 = Release|Any CPU
		{15DDC72E-ACCD-A7AA-54EC-0D066A8D5D92}.Debug|Any CPU.ActiveCfg = Debug|Any CPU
		{15DDC72E-ACCD-A7AA-54EC-0D066A8D5D92}.Debug|Any CPU.Build.0 = Debug|Any CPU
		{15DDC72E-ACCD-A7AA-54EC-0D066A8D5D92}.Release|Any CPU.ActiveCfg = Release|Any CPU
		{15DDC72E-ACCD-A7AA-54EC-0D066A8D5D92}.Release|Any CPU.Build.0 = Release|Any CPU
		{4BC5FBC1-E05E-F59E-B4AC-80F2B8242960}.Debug|Any CPU.ActiveCfg = Debug|Any CPU
		{4BC5FBC1-E05E-F59E-B4AC-80F2B8242960}.Debug|Any CPU.Build.0 = Debug|Any CPU
		{4BC5FBC1-E05E-F59E-B4AC-80F2B8242960}.Release|Any CPU.ActiveCfg = Release|Any CPU
		{4BC5FBC1-E05E-F59E-B4AC-80F2B8242960}.Release|Any CPU.Build.0 = Release|Any CPU
		{AC058E0A-673E-AE29-447D-4396723B2AD1}.Debug|Any CPU.ActiveCfg = Debug|Any CPU
		{AC058E0A-673E-AE29-447D-4396723B2AD1}.Debug|Any CPU.Build.0 = Debug|Any CPU
		{AC058E0A-673E-AE29-447D-4396723B2AD1}.Release|Any CPU.ActiveCfg = Release|Any CPU
		{AC058E0A-673E-AE29-447D-4396723B2AD1}.Release|Any CPU.Build.0 = Release|Any CPU
		{F450F0E2-556B-4AB0-AFCF-87667350425D}.Debug|Any CPU.ActiveCfg = Debug|Any CPU
		{F450F0E2-556B-4AB0-AFCF-87667350425D}.Debug|Any CPU.Build.0 = Debug|Any CPU
		{F450F0E2-556B-4AB0-AFCF-87667350425D}.Release|Any CPU.ActiveCfg = Release|Any CPU
		{F450F0E2-556B-4AB0-AFCF-87667350425D}.Release|Any CPU.Build.0 = Release|Any CPU
		{D1FB8ADB-149C-15E6-F86B-88BBFD11B9CE}.Debug|Any CPU.ActiveCfg = Debug|Any CPU
		{D1FB8ADB-149C-15E6-F86B-88BBFD11B9CE}.Debug|Any CPU.Build.0 = Debug|Any CPU
		{D1FB8ADB-149C-15E6-F86B-88BBFD11B9CE}.Release|Any CPU.ActiveCfg = Release|Any CPU
		{D1FB8ADB-149C-15E6-F86B-88BBFD11B9CE}.Release|Any CPU.Build.0 = Release|Any CPU
		{04AAE928-D2E0-7E2E-7A83-51C1DEACEB52}.Debug|Any CPU.ActiveCfg = Debug|Any CPU
		{04AAE928-D2E0-7E2E-7A83-51C1DEACEB52}.Debug|Any CPU.Build.0 = Debug|Any CPU
		{04AAE928-D2E0-7E2E-7A83-51C1DEACEB52}.Release|Any CPU.ActiveCfg = Release|Any CPU
		{04AAE928-D2E0-7E2E-7A83-51C1DEACEB52}.Release|Any CPU.Build.0 = Release|Any CPU
		{1EAE40F0-1BAF-ACA9-0ACA-67DBF9E5307F}.Debug|Any CPU.ActiveCfg = Debug|Any CPU
		{1EAE40F0-1BAF-ACA9-0ACA-67DBF9E5307F}.Debug|Any CPU.Build.0 = Debug|Any CPU
		{1EAE40F0-1BAF-ACA9-0ACA-67DBF9E5307F}.Release|Any CPU.ActiveCfg = Release|Any CPU
		{1EAE40F0-1BAF-ACA9-0ACA-67DBF9E5307F}.Release|Any CPU.Build.0 = Release|Any CPU
		{7522101C-BD65-63DC-FD34-7DC22A4B65E9}.Debug|Any CPU.ActiveCfg = Debug|Any CPU
		{7522101C-BD65-63DC-FD34-7DC22A4B65E9}.Debug|Any CPU.Build.0 = Debug|Any CPU
		{7522101C-BD65-63DC-FD34-7DC22A4B65E9}.Release|Any CPU.ActiveCfg = Release|Any CPU
		{7522101C-BD65-63DC-FD34-7DC22A4B65E9}.Release|Any CPU.Build.0 = Release|Any CPU
		{74BBF659-83C4-3C94-93B7-9063EC8E4BAF}.Debug|Any CPU.ActiveCfg = Debug|Any CPU
		{74BBF659-83C4-3C94-93B7-9063EC8E4BAF}.Debug|Any CPU.Build.0 = Debug|Any CPU
		{74BBF659-83C4-3C94-93B7-9063EC8E4BAF}.Release|Any CPU.ActiveCfg = Release|Any CPU
		{74BBF659-83C4-3C94-93B7-9063EC8E4BAF}.Release|Any CPU.Build.0 = Release|Any CPU
		{1469C7A5-973F-074F-B029-73B188A040F8}.Debug|Any CPU.ActiveCfg = Debug|Any CPU
		{1469C7A5-973F-074F-B029-73B188A040F8}.Debug|Any CPU.Build.0 = Debug|Any CPU
		{1469C7A5-973F-074F-B029-73B188A040F8}.Release|Any CPU.ActiveCfg = Release|Any CPU
		{1469C7A5-973F-074F-B029-73B188A040F8}.Release|Any CPU.Build.0 = Release|Any CPU
		{66D59373-30D6-85A3-F003-5C8E868F433C}.Debug|Any CPU.ActiveCfg = Debug|Any CPU
		{66D59373-30D6-85A3-F003-5C8E868F433C}.Debug|Any CPU.Build.0 = Debug|Any CPU
		{66D59373-30D6-85A3-F003-5C8E868F433C}.Release|Any CPU.ActiveCfg = Release|Any CPU
		{66D59373-30D6-85A3-F003-5C8E868F433C}.Release|Any CPU.Build.0 = Release|Any CPU
		{AE335AA6-5BA2-8C23-C3A7-040C53A3F5FF}.Debug|Any CPU.ActiveCfg = Debug|Any CPU
		{AE335AA6-5BA2-8C23-C3A7-040C53A3F5FF}.Debug|Any CPU.Build.0 = Debug|Any CPU
		{AE335AA6-5BA2-8C23-C3A7-040C53A3F5FF}.Release|Any CPU.ActiveCfg = Release|Any CPU
		{AE335AA6-5BA2-8C23-C3A7-040C53A3F5FF}.Release|Any CPU.Build.0 = Release|Any CPU
		{DC434C64-140D-D503-908F-DCD920DAFB96}.Debug|Any CPU.ActiveCfg = Debug|Any CPU
		{DC434C64-140D-D503-908F-DCD920DAFB96}.Debug|Any CPU.Build.0 = Debug|Any CPU
		{DC434C64-140D-D503-908F-DCD920DAFB96}.Release|Any CPU.ActiveCfg = Release|Any CPU
		{DC434C64-140D-D503-908F-DCD920DAFB96}.Release|Any CPU.Build.0 = Release|Any CPU
		{6D0A8005-7547-7CE4-1DBC-2BAC46C80410}.Debug|Any CPU.ActiveCfg = Debug|Any CPU
		{6D0A8005-7547-7CE4-1DBC-2BAC46C80410}.Debug|Any CPU.Build.0 = Debug|Any CPU
		{6D0A8005-7547-7CE4-1DBC-2BAC46C80410}.Release|Any CPU.ActiveCfg = Release|Any CPU
		{6D0A8005-7547-7CE4-1DBC-2BAC46C80410}.Release|Any CPU.Build.0 = Release|Any CPU
		{316E096A-E94E-2A9E-AD33-35DDC242B7D4}.Debug|Any CPU.ActiveCfg = Debug|Any CPU
		{316E096A-E94E-2A9E-AD33-35DDC242B7D4}.Debug|Any CPU.Build.0 = Debug|Any CPU
		{316E096A-E94E-2A9E-AD33-35DDC242B7D4}.Release|Any CPU.ActiveCfg = Release|Any CPU
		{316E096A-E94E-2A9E-AD33-35DDC242B7D4}.Release|Any CPU.Build.0 = Release|Any CPU
		{5F249109-3E00-180D-795F-F457EE5898BB}.Debug|Any CPU.ActiveCfg = Debug|Any CPU
		{5F249109-3E00-180D-795F-F457EE5898BB}.Debug|Any CPU.Build.0 = Debug|Any CPU
		{5F249109-3E00-180D-795F-F457EE5898BB}.Release|Any CPU.ActiveCfg = Release|Any CPU
		{5F249109-3E00-180D-795F-F457EE5898BB}.Release|Any CPU.Build.0 = Release|Any CPU
		{F2466302-5DDE-863F-DA3A-53125610FE61}.Debug|Any CPU.ActiveCfg = Debug|Any CPU
		{F2466302-5DDE-863F-DA3A-53125610FE61}.Debug|Any CPU.Build.0 = Debug|Any CPU
		{F2466302-5DDE-863F-DA3A-53125610FE61}.Release|Any CPU.ActiveCfg = Release|Any CPU
		{F2466302-5DDE-863F-DA3A-53125610FE61}.Release|Any CPU.Build.0 = Release|Any CPU
		{3F98F4FF-5F01-89C6-C656-38562C77D0CC}.Debug|Any CPU.ActiveCfg = Debug|Any CPU
		{3F98F4FF-5F01-89C6-C656-38562C77D0CC}.Debug|Any CPU.Build.0 = Debug|Any CPU
		{3F98F4FF-5F01-89C6-C656-38562C77D0CC}.Release|Any CPU.ActiveCfg = Release|Any CPU
		{3F98F4FF-5F01-89C6-C656-38562C77D0CC}.Release|Any CPU.Build.0 = Release|Any CPU
		{6191272E-6265-2764-D2E9-681A3C04D722}.Debug|Any CPU.ActiveCfg = Debug|Any CPU
		{6191272E-6265-2764-D2E9-681A3C04D722}.Debug|Any CPU.Build.0 = Debug|Any CPU
		{6191272E-6265-2764-D2E9-681A3C04D722}.Release|Any CPU.ActiveCfg = Release|Any CPU
		{6191272E-6265-2764-D2E9-681A3C04D722}.Release|Any CPU.Build.0 = Release|Any CPU
		{3EEEC957-F421-968B-78CF-18D968237211}.Debug|Any CPU.ActiveCfg = Debug|Any CPU
		{3EEEC957-F421-968B-78CF-18D968237211}.Debug|Any CPU.Build.0 = Debug|Any CPU
		{3EEEC957-F421-968B-78CF-18D968237211}.Release|Any CPU.ActiveCfg = Release|Any CPU
		{3EEEC957-F421-968B-78CF-18D968237211}.Release|Any CPU.Build.0 = Release|Any CPU
		{8728A57D-2ABD-E627-11D9-2F91CC3E9062}.Debug|Any CPU.ActiveCfg = Debug|Any CPU
		{8728A57D-2ABD-E627-11D9-2F91CC3E9062}.Debug|Any CPU.Build.0 = Debug|Any CPU
		{8728A57D-2ABD-E627-11D9-2F91CC3E9062}.Release|Any CPU.ActiveCfg = Release|Any CPU
		{8728A57D-2ABD-E627-11D9-2F91CC3E9062}.Release|Any CPU.Build.0 = Release|Any CPU
		{A1E01184-B936-6FCF-F253-3E62790B602B}.Debug|Any CPU.ActiveCfg = Debug|Any CPU
		{A1E01184-B936-6FCF-F253-3E62790B602B}.Debug|Any CPU.Build.0 = Debug|Any CPU
		{A1E01184-B936-6FCF-F253-3E62790B602B}.Release|Any CPU.ActiveCfg = Release|Any CPU
		{A1E01184-B936-6FCF-F253-3E62790B602B}.Release|Any CPU.Build.0 = Release|Any CPU
		{83D3EEA9-3DAF-382B-6847-9BA56A5560B8}.Debug|Any CPU.ActiveCfg = Debug|Any CPU
		{83D3EEA9-3DAF-382B-6847-9BA56A5560B8}.Debug|Any CPU.Build.0 = Debug|Any CPU
		{83D3EEA9-3DAF-382B-6847-9BA56A5560B8}.Release|Any CPU.ActiveCfg = Release|Any CPU
		{83D3EEA9-3DAF-382B-6847-9BA56A5560B8}.Release|Any CPU.Build.0 = Release|Any CPU
		{CE9A0CBA-CEB7-718E-CE41-ABC2266DF55D}.Debug|Any CPU.ActiveCfg = Debug|Any CPU
		{CE9A0CBA-CEB7-718E-CE41-ABC2266DF55D}.Debug|Any CPU.Build.0 = Debug|Any CPU
		{CE9A0CBA-CEB7-718E-CE41-ABC2266DF55D}.Release|Any CPU.ActiveCfg = Release|Any CPU
		{CE9A0CBA-CEB7-718E-CE41-ABC2266DF55D}.Release|Any CPU.Build.0 = Release|Any CPU
		{C0422A2D-892E-A57E-8888-BE97C41919A1}.Debug|Any CPU.ActiveCfg = Debug|Any CPU
		{C0422A2D-892E-A57E-8888-BE97C41919A1}.Debug|Any CPU.Build.0 = Debug|Any CPU
		{C0422A2D-892E-A57E-8888-BE97C41919A1}.Release|Any CPU.ActiveCfg = Release|Any CPU
		{C0422A2D-892E-A57E-8888-BE97C41919A1}.Release|Any CPU.Build.0 = Release|Any CPU
		{299E6D2C-FE29-FE76-4578-881B98EAA323}.Debug|Any CPU.ActiveCfg = Debug|Any CPU
		{299E6D2C-FE29-FE76-4578-881B98EAA323}.Debug|Any CPU.Build.0 = Debug|Any CPU
		{299E6D2C-FE29-FE76-4578-881B98EAA323}.Release|Any CPU.ActiveCfg = Release|Any CPU
		{299E6D2C-FE29-FE76-4578-881B98EAA323}.Release|Any CPU.Build.0 = Release|Any CPU
		{02C86163-3F8E-F221-5A1E-473F111930A2}.Debug|Any CPU.ActiveCfg = Debug|Any CPU
		{02C86163-3F8E-F221-5A1E-473F111930A2}.Debug|Any CPU.Build.0 = Debug|Any CPU
		{02C86163-3F8E-F221-5A1E-473F111930A2}.Release|Any CPU.ActiveCfg = Release|Any CPU
		{02C86163-3F8E-F221-5A1E-473F111930A2}.Release|Any CPU.Build.0 = Release|Any CPU
		{2A17C60E-E8C2-6796-BFDF-8ACB4D7A4070}.Debug|Any CPU.ActiveCfg = Debug|Any CPU
		{2A17C60E-E8C2-6796-BFDF-8ACB4D7A4070}.Debug|Any CPU.Build.0 = Debug|Any CPU
		{2A17C60E-E8C2-6796-BFDF-8ACB4D7A4070}.Release|Any CPU.ActiveCfg = Release|Any CPU
		{2A17C60E-E8C2-6796-BFDF-8ACB4D7A4070}.Release|Any CPU.Build.0 = Release|Any CPU
		{C8B93549-D69C-5499-1458-C6A460F187A1}.Debug|Any CPU.ActiveCfg = Debug|Any CPU
		{C8B93549-D69C-5499-1458-C6A460F187A1}.Debug|Any CPU.Build.0 = Debug|Any CPU
		{C8B93549-D69C-5499-1458-C6A460F187A1}.Release|Any CPU.ActiveCfg = Release|Any CPU
		{C8B93549-D69C-5499-1458-C6A460F187A1}.Release|Any CPU.Build.0 = Release|Any CPU
		{C303CA3B-54B2-EA08-7DBA-6C654367BAE6}.Debug|Any CPU.ActiveCfg = Debug|Any CPU
		{C303CA3B-54B2-EA08-7DBA-6C654367BAE6}.Debug|Any CPU.Build.0 = Debug|Any CPU
		{C303CA3B-54B2-EA08-7DBA-6C654367BAE6}.Release|Any CPU.ActiveCfg = Release|Any CPU
		{C303CA3B-54B2-EA08-7DBA-6C654367BAE6}.Release|Any CPU.Build.0 = Release|Any CPU
		{F1A1E697-3094-0AA1-A322-25F03E93C5B2}.Debug|Any CPU.ActiveCfg = Debug|Any CPU
		{F1A1E697-3094-0AA1-A322-25F03E93C5B2}.Debug|Any CPU.Build.0 = Debug|Any CPU
		{F1A1E697-3094-0AA1-A322-25F03E93C5B2}.Release|Any CPU.ActiveCfg = Release|Any CPU
		{F1A1E697-3094-0AA1-A322-25F03E93C5B2}.Release|Any CPU.Build.0 = Release|Any CPU
		{53AFA5F6-7CD9-1A50-AEE5-153B73084CE9}.Debug|Any CPU.ActiveCfg = Debug|Any CPU
		{53AFA5F6-7CD9-1A50-AEE5-153B73084CE9}.Debug|Any CPU.Build.0 = Debug|Any CPU
		{53AFA5F6-7CD9-1A50-AEE5-153B73084CE9}.Release|Any CPU.ActiveCfg = Release|Any CPU
		{53AFA5F6-7CD9-1A50-AEE5-153B73084CE9}.Release|Any CPU.Build.0 = Release|Any CPU
		{3FCBF6C2-37C1-66AE-917F-B52AA55A178C}.Debug|Any CPU.ActiveCfg = Debug|Any CPU
		{3FCBF6C2-37C1-66AE-917F-B52AA55A178C}.Debug|Any CPU.Build.0 = Debug|Any CPU
		{3FCBF6C2-37C1-66AE-917F-B52AA55A178C}.Release|Any CPU.ActiveCfg = Release|Any CPU
		{3FCBF6C2-37C1-66AE-917F-B52AA55A178C}.Release|Any CPU.Build.0 = Release|Any CPU
		{724ACB19-100F-61F4-99F8-A18FC5084CC8}.Debug|Any CPU.ActiveCfg = Debug|Any CPU
		{724ACB19-100F-61F4-99F8-A18FC5084CC8}.Debug|Any CPU.Build.0 = Debug|Any CPU
		{724ACB19-100F-61F4-99F8-A18FC5084CC8}.Release|Any CPU.ActiveCfg = Release|Any CPU
		{724ACB19-100F-61F4-99F8-A18FC5084CC8}.Release|Any CPU.Build.0 = Release|Any CPU
		{F15CDEF2-8DFB-B1DA-B508-24A22E4B99C1}.Debug|Any CPU.ActiveCfg = Debug|Any CPU
		{F15CDEF2-8DFB-B1DA-B508-24A22E4B99C1}.Debug|Any CPU.Build.0 = Debug|Any CPU
		{F15CDEF2-8DFB-B1DA-B508-24A22E4B99C1}.Release|Any CPU.ActiveCfg = Release|Any CPU
		{F15CDEF2-8DFB-B1DA-B508-24A22E4B99C1}.Release|Any CPU.Build.0 = Release|Any CPU
		{88128FF9-F93B-9289-5E10-BD1CDCF91E11}.Debug|Any CPU.ActiveCfg = Debug|Any CPU
		{88128FF9-F93B-9289-5E10-BD1CDCF91E11}.Debug|Any CPU.Build.0 = Debug|Any CPU
		{88128FF9-F93B-9289-5E10-BD1CDCF91E11}.Release|Any CPU.ActiveCfg = Release|Any CPU
		{88128FF9-F93B-9289-5E10-BD1CDCF91E11}.Release|Any CPU.Build.0 = Release|Any CPU
		{02BE9232-7290-95ED-6D3E-D136DA2E7B9A}.Debug|Any CPU.ActiveCfg = Debug|Any CPU
		{02BE9232-7290-95ED-6D3E-D136DA2E7B9A}.Debug|Any CPU.Build.0 = Debug|Any CPU
		{02BE9232-7290-95ED-6D3E-D136DA2E7B9A}.Release|Any CPU.ActiveCfg = Release|Any CPU
		{02BE9232-7290-95ED-6D3E-D136DA2E7B9A}.Release|Any CPU.Build.0 = Release|Any CPU
		{3C5E249E-109A-8AAF-B387-9E1D7DD8FCFE}.Debug|Any CPU.ActiveCfg = Debug|Any CPU
		{3C5E249E-109A-8AAF-B387-9E1D7DD8FCFE}.Debug|Any CPU.Build.0 = Debug|Any CPU
		{3C5E249E-109A-8AAF-B387-9E1D7DD8FCFE}.Release|Any CPU.ActiveCfg = Release|Any CPU
		{3C5E249E-109A-8AAF-B387-9E1D7DD8FCFE}.Release|Any CPU.Build.0 = Release|Any CPU
		{AAEB01AD-0E53-E146-83DA-BC46E356BC2D}.Debug|Any CPU.ActiveCfg = Debug|Any CPU
		{AAEB01AD-0E53-E146-83DA-BC46E356BC2D}.Debug|Any CPU.Build.0 = Debug|Any CPU
		{AAEB01AD-0E53-E146-83DA-BC46E356BC2D}.Release|Any CPU.ActiveCfg = Release|Any CPU
		{AAEB01AD-0E53-E146-83DA-BC46E356BC2D}.Release|Any CPU.Build.0 = Release|Any CPU
		{C0B5AAEE-C2A3-01BA-1F08-94FDD5140199}.Debug|Any CPU.ActiveCfg = Debug|Any CPU
		{C0B5AAEE-C2A3-01BA-1F08-94FDD5140199}.Debug|Any CPU.Build.0 = Debug|Any CPU
		{C0B5AAEE-C2A3-01BA-1F08-94FDD5140199}.Release|Any CPU.ActiveCfg = Release|Any CPU
		{C0B5AAEE-C2A3-01BA-1F08-94FDD5140199}.Release|Any CPU.Build.0 = Release|Any CPU
	EndGlobalSection
	GlobalSection(SolutionProperties) = preSolution
		HideSolutionNode = FALSE
	EndGlobalSection
EndGlobal
